// !$*UTF8*$!
{
	archiveVersion = 1;
	classes = {
	};
	objectVersion = 48;
	objects = {

/* Begin PBXBuildFile section */
		F0E10ECC1FC278A500289BF2 /* AppDelegate.m in Sources */ = {isa = PBXBuildFile; fileRef = F0E10ECB1FC278A500289BF2 /* AppDelegate.m */; };
		F0E10ECF1FC278A500289BF2 /* ViewController.m in Sources */ = {isa = PBXBuildFile; fileRef = F0E10ECE1FC278A500289BF2 /* ViewController.m */; };
		F0E10ED21FC278A500289BF2 /* Main.storyboard in Resources */ = {isa = PBXBuildFile; fileRef = F0E10ED01FC278A500289BF2 /* Main.storyboard */; };
		F0E10ED41FC278A500289BF2 /* Assets.xcassets in Resources */ = {isa = PBXBuildFile; fileRef = F0E10ED31FC278A500289BF2 /* Assets.xcassets */; };
		F0E10ED71FC278A500289BF2 /* LaunchScreen.storyboard in Resources */ = {isa = PBXBuildFile; fileRef = F0E10ED51FC278A500289BF2 /* LaunchScreen.storyboard */; };
		F0E10EDA1FC278A500289BF2 /* main.m in Sources */ = {isa = PBXBuildFile; fileRef = F0E10ED91FC278A500289BF2 /* main.m */; };
		F0E10EE41FC278A500289BF2 /* ___Tests.m in Sources */ = {isa = PBXBuildFile; fileRef = F0E10EE31FC278A500289BF2 /* ___Tests.m */; };
		F0E10EEF1FC278A500289BF2 /* ___UITests.m in Sources */ = {isa = PBXBuildFile; fileRef = F0E10EEE1FC278A500289BF2 /* ___UITests.m */; };
		F0E10EFE1FC278D900289BF2 /* Person.m in Sources */ = {isa = PBXBuildFile; fileRef = F0E10EFD1FC278D900289BF2 /* Person.m */; };
/* End PBXBuildFile section */

/* Begin PBXContainerItemProxy section */
		F0E10EE01FC278A500289BF2 /* PBXContainerItemProxy */ = {
			isa = PBXContainerItemProxy;
			containerPortal = F0E10EBF1FC278A500289BF2 /* Project object */;
			proxyType = 1;
			remoteGlobalIDString = F0E10EC61FC278A500289BF2;
			remoteInfo = "单例类";
		};
		F0E10EEB1FC278A500289BF2 /* PBXContainerItemProxy */ = {
			isa = PBXContainerItemProxy;
			containerPortal = F0E10EBF1FC278A500289BF2 /* Project object */;
			proxyType = 1;
			remoteGlobalIDString = F0E10EC61FC278A500289BF2;
			remoteInfo = "单例类";
		};
/* End PBXContainerItemProxy section */

/* Begin PBXFileReference section */
		F0E10EC71FC278A500289BF2 /* 单例类.app */ = {isa = PBXFileReference; explicitFileType = wrapper.application; includeInIndex = 0; path = "单例类.app"; sourceTree = BUILT_PRODUCTS_DIR; };
		F0E10ECA1FC278A500289BF2 /* AppDelegate.h */ = {isa = PBXFileReference; lastKnownFileType = sourcecode.c.h; path = AppDelegate.h; sourceTree = "<group>"; };
		F0E10ECB1FC278A500289BF2 /* AppDelegate.m */ = {isa = PBXFileReference; lastKnownFileType = sourcecode.c.objc; path = AppDelegate.m; sourceTree = "<group>"; };
		F0E10ECD1FC278A500289BF2 /* ViewController.h */ = {isa = PBXFileReference; lastKnownFileType = sourcecode.c.h; path = ViewController.h; sourceTree = "<group>"; };
		F0E10ECE1FC278A500289BF2 /* ViewController.m */ = {isa = PBXFileReference; lastKnownFileType = sourcecode.c.objc; path = ViewController.m; sourceTree = "<group>"; };
		F0E10ED11FC278A500289BF2 /* Base */ = {isa = PBXFileReference; lastKnownFileType = file.storyboard; name = Base; path = Base.lproj/Main.storyboard; sourceTree = "<group>"; };
		F0E10ED31FC278A500289BF2 /* Assets.xcassets */ = {isa = PBXFileReference; lastKnownFileType = folder.assetcatalog; path = Assets.xcassets; sourceTree = "<group>"; };
		F0E10ED61FC278A500289BF2 /* Base */ = {isa = PBXFileReference; lastKnownFileType = file.storyboard; name = Base; path = Base.lproj/LaunchScreen.storyboard; sourceTree = "<group>"; };
		F0E10ED81FC278A500289BF2 /* Info.plist */ = {isa = PBXFileReference; lastKnownFileType = text.plist.xml; path = Info.plist; sourceTree = "<group>"; };
		F0E10ED91FC278A500289BF2 /* main.m */ = {isa = PBXFileReference; lastKnownFileType = sourcecode.c.objc; path = main.m; sourceTree = "<group>"; };
		F0E10EDF1FC278A500289BF2 /* 单例类Tests.xctest */ = {isa = PBXFileReference; explicitFileType = wrapper.cfbundle; includeInIndex = 0; path = "单例类Tests.xctest"; sourceTree = BUILT_PRODUCTS_DIR; };
		F0E10EE31FC278A500289BF2 /* ___Tests.m */ = {isa = PBXFileReference; lastKnownFileType = sourcecode.c.objc; path = "___Tests.m"; sourceTree = "<group>"; };
		F0E10EE51FC278A500289BF2 /* Info.plist */ = {isa = PBXFileReference; lastKnownFileType = text.plist.xml; path = Info.plist; sourceTree = "<group>"; };
		F0E10EEA1FC278A500289BF2 /* 单例类UITests.xctest */ = {isa = PBXFileReference; explicitFileType = wrapper.cfbundle; includeInIndex = 0; path = "单例类UITests.xctest"; sourceTree = BUILT_PRODUCTS_DIR; };
		F0E10EEE1FC278A500289BF2 /* ___UITests.m */ = {isa = PBXFileReference; lastKnownFileType = sourcecode.c.objc; path = "___UITests.m"; sourceTree = "<group>"; };
		F0E10EF01FC278A500289BF2 /* Info.plist */ = {isa = PBXFileReference; lastKnownFileType = text.plist.xml; path = Info.plist; sourceTree = "<group>"; };
		F0E10EFC1FC278D900289BF2 /* Person.h */ = {isa = PBXFileReference; lastKnownFileType = sourcecode.c.h; path = Person.h; sourceTree = "<group>"; };
		F0E10EFD1FC278D900289BF2 /* Person.m */ = {isa = PBXFileReference; lastKnownFileType = sourcecode.c.objc; path = Person.m; sourceTree = "<group>"; };
/* End PBXFileReference section */

/* Begin PBXFrameworksBuildPhase section */
		F0E10EC41FC278A500289BF2 /* Frameworks */ = {
			isa = PBXFrameworksBuildPhase;
			buildActionMask = 2147483647;
			files = (
			);
			runOnlyForDeploymentPostprocessing = 0;
		};
		F0E10EDC1FC278A500289BF2 /* Frameworks */ = {
			isa = PBXFrameworksBuildPhase;
			buildActionMask = 2147483647;
			files = (
			);
			runOnlyForDeploymentPostprocessing = 0;
		};
		F0E10EE71FC278A500289BF2 /* Frameworks */ = {
			isa = PBXFrameworksBuildPhase;
			buildActionMask = 2147483647;
			files = (
			);
			runOnlyForDeploymentPostprocessing = 0;
		};
/* End PBXFrameworksBuildPhase section */

/* Begin PBXGroup section */
		F0E10EBE1FC278A500289BF2 = {
			isa = PBXGroup;
			children = (
				F0E10EC91FC278A500289BF2 /* 单例类 */,
				F0E10EE21FC278A500289BF2 /* 单例类Tests */,
				F0E10EED1FC278A500289BF2 /* 单例类UITests */,
				F0E10EC81FC278A500289BF2 /* Products */,
			);
			sourceTree = "<group>";
		};
		F0E10EC81FC278A500289BF2 /* Products */ = {
			isa = PBXGroup;
			children = (
				F0E10EC71FC278A500289BF2 /* 单例类.app */,
				F0E10EDF1FC278A500289BF2 /* 单例类Tests.xctest */,
				F0E10EEA1FC278A500289BF2 /* 单例类UITests.xctest */,
			);
			name = Products;
			sourceTree = "<group>";
		};
		F0E10EC91FC278A500289BF2 /* 单例类 */ = {
			isa = PBXGroup;
			children = (
				F0E10ECA1FC278A500289BF2 /* AppDelegate.h */,
				F0E10ECB1FC278A500289BF2 /* AppDelegate.m */,
				F0E10ECD1FC278A500289BF2 /* ViewController.h */,
				F0E10ECE1FC278A500289BF2 /* ViewController.m */,
				F0E10EFC1FC278D900289BF2 /* Person.h */,
				F0E10EFD1FC278D900289BF2 /* Person.m */,
				F0E10ED01FC278A500289BF2 /* Main.storyboard */,
				F0E10ED31FC278A500289BF2 /* Assets.xcassets */,
				F0E10ED51FC278A500289BF2 /* LaunchScreen.storyboard */,
				F0E10ED81FC278A500289BF2 /* Info.plist */,
				F0E10ED91FC278A500289BF2 /* main.m */,
			);
			path = "单例类";
			sourceTree = "<group>";
		};
		F0E10EE21FC278A500289BF2 /* 单例类Tests */ = {
			isa = PBXGroup;
			children = (
				F0E10EE31FC278A500289BF2 /* ___Tests.m */,
				F0E10EE51FC278A500289BF2 /* Info.plist */,
			);
			path = "单例类Tests";
			sourceTree = "<group>";
		};
		F0E10EED1FC278A500289BF2 /* 单例类UITests */ = {
			isa = PBXGroup;
			children = (
				F0E10EEE1FC278A500289BF2 /* ___UITests.m */,
				F0E10EF01FC278A500289BF2 /* Info.plist */,
			);
			path = "单例类UITests";
			sourceTree = "<group>";
		};
/* End PBXGroup section */

/* Begin PBXNativeTarget section */
		F0E10EC61FC278A500289BF2 /* 单例类 */ = {
			isa = PBXNativeTarget;
			buildConfigurationList = F0E10EF31FC278A500289BF2 /* Build configuration list for PBXNativeTarget "单例类" */;
			buildPhases = (
				F0E10EC31FC278A500289BF2 /* Sources */,
				F0E10EC41FC278A500289BF2 /* Frameworks */,
				F0E10EC51FC278A500289BF2 /* Resources */,
			);
			buildRules = (
			);
			dependencies = (
			);
			name = "单例类";
			productName = "单例类";
			productReference = F0E10EC71FC278A500289BF2 /* 单例类.app */;
			productType = "com.apple.product-type.application";
		};
		F0E10EDE1FC278A500289BF2 /* 单例类Tests */ = {
			isa = PBXNativeTarget;
			buildConfigurationList = F0E10EF61FC278A500289BF2 /* Build configuration list for PBXNativeTarget "单例类Tests" */;
			buildPhases = (
				F0E10EDB1FC278A500289BF2 /* Sources */,
				F0E10EDC1FC278A500289BF2 /* Frameworks */,
				F0E10EDD1FC278A500289BF2 /* Resources */,
			);
			buildRules = (
			);
			dependencies = (
				F0E10EE11FC278A500289BF2 /* PBXTargetDependency */,
			);
			name = "单例类Tests";
			productName = "单例类Tests";
			productReference = F0E10EDF1FC278A500289BF2 /* 单例类Tests.xctest */;
			productType = "com.apple.product-type.bundle.unit-test";
		};
		F0E10EE91FC278A500289BF2 /* 单例类UITests */ = {
			isa = PBXNativeTarget;
			buildConfigurationList = F0E10EF91FC278A500289BF2 /* Build configuration list for PBXNativeTarget "单例类UITests" */;
			buildPhases = (
				F0E10EE61FC278A500289BF2 /* Sources */,
				F0E10EE71FC278A500289BF2 /* Frameworks */,
				F0E10EE81FC278A500289BF2 /* Resources */,
			);
			buildRules = (
			);
			dependencies = (
				F0E10EEC1FC278A500289BF2 /* PBXTargetDependency */,
			);
			name = "单例类UITests";
			productName = "单例类UITests";
			productReference = F0E10EEA1FC278A500289BF2 /* 单例类UITests.xctest */;
			productType = "com.apple.product-type.bundle.ui-testing";
		};
/* End PBXNativeTarget section */

/* Begin PBXProject section */
		F0E10EBF1FC278A500289BF2 /* Project object */ = {
			isa = PBXProject;
			attributes = {
				LastUpgradeCheck = 0910;
				ORGANIZATIONNAME = "马洪亮";
				TargetAttributes = {
					F0E10EC61FC278A500289BF2 = {
						CreatedOnToolsVersion = 9.1;
						ProvisioningStyle = Automatic;
					};
					F0E10EDE1FC278A500289BF2 = {
						CreatedOnToolsVersion = 9.1;
						ProvisioningStyle = Automatic;
						TestTargetID = F0E10EC61FC278A500289BF2;
					};
					F0E10EE91FC278A500289BF2 = {
						CreatedOnToolsVersion = 9.1;
						ProvisioningStyle = Automatic;
						TestTargetID = F0E10EC61FC278A500289BF2;
					};
				};
			};
			buildConfigurationList = F0E10EC21FC278A500289BF2 /* Build configuration list for PBXProject "单例类" */;
			compatibilityVersion = "Xcode 8.0";
			developmentRegion = en;
			hasScannedForEncodings = 0;
			knownRegions = (
				en,
				Base,
			);
			mainGroup = F0E10EBE1FC278A500289BF2;
			productRefGroup = F0E10EC81FC278A500289BF2 /* Products */;
			projectDirPath = "";
			projectRoot = "";
			targets = (
				F0E10EC61FC278A500289BF2 /* 单例类 */,
				F0E10EDE1FC278A500289BF2 /* 单例类Tests */,
				F0E10EE91FC278A500289BF2 /* 单例类UITests */,
			);
		};
/* End PBXProject section */

/* Begin PBXResourcesBuildPhase section */
		F0E10EC51FC278A500289BF2 /* Resources */ = {
			isa = PBXResourcesBuildPhase;
			buildActionMask = 2147483647;
			files = (
				F0E10ED71FC278A500289BF2 /* LaunchScreen.storyboard in Resources */,
				F0E10ED41FC278A500289BF2 /* Assets.xcassets in Resources */,
				F0E10ED21FC278A500289BF2 /* Main.storyboard in Resources */,
			);
			runOnlyForDeploymentPostprocessing = 0;
		};
		F0E10EDD1FC278A500289BF2 /* Resources */ = {
			isa = PBXResourcesBuildPhase;
			buildActionMask = 2147483647;
			files = (
			);
			runOnlyForDeploymentPostprocessing = 0;
		};
		F0E10EE81FC278A500289BF2 /* Resources */ = {
			isa = PBXResourcesBuildPhase;
			buildActionMask = 2147483647;
			files = (
			);
			runOnlyForDeploymentPostprocessing = 0;
		};
/* End PBXResourcesBuildPhase section */

/* Begin PBXSourcesBuildPhase section */
		F0E10EC31FC278A500289BF2 /* Sources */ = {
			isa = PBXSourcesBuildPhase;
			buildActionMask = 2147483647;
			files = (
				F0E10ECF1FC278A500289BF2 /* ViewController.m in Sources */,
				F0E10EDA1FC278A500289BF2 /* main.m in Sources */,
				F0E10EFE1FC278D900289BF2 /* Person.m in Sources */,
				F0E10ECC1FC278A500289BF2 /* AppDelegate.m in Sources */,
			);
			runOnlyForDeploymentPostprocessing = 0;
		};
		F0E10EDB1FC278A500289BF2 /* Sources */ = {
			isa = PBXSourcesBuildPhase;
			buildActionMask = 2147483647;
			files = (
				F0E10EE41FC278A500289BF2 /* ___Tests.m in Sources */,
			);
			runOnlyForDeploymentPostprocessing = 0;
		};
		F0E10EE61FC278A500289BF2 /* Sources */ = {
			isa = PBXSourcesBuildPhase;
			buildActionMask = 2147483647;
			files = (
				F0E10EEF1FC278A500289BF2 /* ___UITests.m in Sources */,
			);
			runOnlyForDeploymentPostprocessing = 0;
		};
/* End PBXSourcesBuildPhase section */

/* Begin PBXTargetDependency section */
		F0E10EE11FC278A500289BF2 /* PBXTargetDependency */ = {
			isa = PBXTargetDependency;
			target = F0E10EC61FC278A500289BF2 /* 单例类 */;
			targetProxy = F0E10EE01FC278A500289BF2 /* PBXContainerItemProxy */;
		};
		F0E10EEC1FC278A500289BF2 /* PBXTargetDependency */ = {
			isa = PBXTargetDependency;
			target = F0E10EC61FC278A500289BF2 /* 单例类 */;
			targetProxy = F0E10EEB1FC278A500289BF2 /* PBXContainerItemProxy */;
		};
/* End PBXTargetDependency section */

/* Begin PBXVariantGroup section */
		F0E10ED01FC278A500289BF2 /* Main.storyboard */ = {
			isa = PBXVariantGroup;
			children = (
				F0E10ED11FC278A500289BF2 /* Base */,
			);
			name = Main.storyboard;
			sourceTree = "<group>";
		};
		F0E10ED51FC278A500289BF2 /* LaunchScreen.storyboard */ = {
			isa = PBXVariantGroup;
			children = (
				F0E10ED61FC278A500289BF2 /* Base */,
			);
			name = LaunchScreen.storyboard;
			sourceTree = "<group>";
		};
/* End PBXVariantGroup section */

/* Begin XCBuildConfiguration section */
		F0E10EF11FC278A500289BF2 /* Debug */ = {
			isa = XCBuildConfiguration;
			buildSettings = {
				ALWAYS_SEARCH_USER_PATHS = NO;
				CLANG_ANALYZER_NONNULL = YES;
				CLANG_ANALYZER_NUMBER_OBJECT_CONVERSION = YES_AGGRESSIVE;
				CLANG_CXX_LANGUAGE_STANDARD = "gnu++14";
				CLANG_CXX_LIBRARY = "libc++";
				CLANG_ENABLE_MODULES = YES;
				CLANG_ENABLE_OBJC_ARC = YES;
				CLANG_WARN_BLOCK_CAPTURE_AUTORELEASING = YES;
				CLANG_WARN_BOOL_CONVERSION = YES;
				CLANG_WARN_COMMA = YES;
				CLANG_WARN_CONSTANT_CONVERSION = YES;
				CLANG_WARN_DIRECT_OBJC_ISA_USAGE = YES_ERROR;
				CLANG_WARN_DOCUMENTATION_COMMENTS = YES;
				CLANG_WARN_EMPTY_BODY = YES;
				CLANG_WARN_ENUM_CONVERSION = YES;
				CLANG_WARN_INFINITE_RECURSION = YES;
				CLANG_WARN_INT_CONVERSION = YES;
				CLANG_WARN_NON_LITERAL_NULL_CONVERSION = YES;
				CLANG_WARN_OBJC_LITERAL_CONVERSION = YES;
				CLANG_WARN_OBJC_ROOT_CLASS = YES_ERROR;
				CLANG_WARN_RANGE_LOOP_ANALYSIS = YES;
				CLANG_WARN_STRICT_PROTOTYPES = YES;
				CLANG_WARN_SUSPICIOUS_MOVE = YES;
				CLANG_WARN_UNGUARDED_AVAILABILITY = YES_AGGRESSIVE;
				CLANG_WARN_UNREACHABLE_CODE = YES;
				CLANG_WARN__DUPLICATE_METHOD_MATCH = YES;
				CODE_SIGN_IDENTITY = "iPhone Developer";
				COPY_PHASE_STRIP = NO;
				DEBUG_INFORMATION_FORMAT = dwarf;
				ENABLE_STRICT_OBJC_MSGSEND = YES;
				ENABLE_TESTABILITY = YES;
				GCC_C_LANGUAGE_STANDARD = gnu11;
				GCC_DYNAMIC_NO_PIC = NO;
				GCC_NO_COMMON_BLOCKS = YES;
				GCC_OPTIMIZATION_LEVEL = 0;
				GCC_PREPROCESSOR_DEFINITIONS = (
					"DEBUG=1",
					"$(inherited)",
				);
				GCC_WARN_64_TO_32_BIT_CONVERSION = YES;
				GCC_WARN_ABOUT_RETURN_TYPE = YES_ERROR;
				GCC_WARN_UNDECLARED_SELECTOR = YES;
				GCC_WARN_UNINITIALIZED_AUTOS = YES_AGGRESSIVE;
				GCC_WARN_UNUSED_FUNCTION = YES;
				GCC_WARN_UNUSED_VARIABLE = YES;
				IPHONEOS_DEPLOYMENT_TARGET = 11.1;
				MTL_ENABLE_DEBUG_INFO = YES;
				ONLY_ACTIVE_ARCH = YES;
				SDKROOT = iphoneos;
			};
			name = Debug;
		};
		F0E10EF21FC278A500289BF2 /* Release */ = {
			isa = XCBuildConfiguration;
			buildSettings = {
				ALWAYS_SEARCH_USER_PATHS = NO;
				CLANG_ANALYZER_NONNULL = YES;
				CLANG_ANALYZER_NUMBER_OBJECT_CONVERSION = YES_AGGRESSIVE;
				CLANG_CXX_LANGUAGE_STANDARD = "gnu++14";
				CLANG_CXX_LIBRARY = "libc++";
				CLANG_ENABLE_MODULES = YES;
				CLANG_ENABLE_OBJC_ARC = YES;
				CLANG_WARN_BLOCK_CAPTURE_AUTORELEASING = YES;
				CLANG_WARN_BOOL_CONVERSION = YES;
				CLANG_WARN_COMMA = YES;
				CLANG_WARN_CONSTANT_CONVERSION = YES;
				CLANG_WARN_DIRECT_OBJC_ISA_USAGE = YES_ERROR;
				CLANG_WARN_DOCUMENTATION_COMMENTS = YES;
				CLANG_WARN_EMPTY_BODY = YES;
				CLANG_WARN_ENUM_CONVERSION = YES;
				CLANG_WARN_INFINITE_RECURSION = YES;
				CLANG_WARN_INT_CONVERSION = YES;
				CLANG_WARN_NON_LITERAL_NULL_CONVERSION = YES;
				CLANG_WARN_OBJC_LITERAL_CONVERSION = YES;
				CLANG_WARN_OBJC_ROOT_CLASS = YES_ERROR;
				CLANG_WARN_RANGE_LOOP_ANALYSIS = YES;
				CLANG_WARN_STRICT_PROTOTYPES = YES;
				CLANG_WARN_SUSPICIOUS_MOVE = YES;
				CLANG_WARN_UNGUARDED_AVAILABILITY = YES_AGGRESSIVE;
				CLANG_WARN_UNREACHABLE_CODE = YES;
				CLANG_WARN__DUPLICATE_METHOD_MATCH = YES;
				CODE_SIGN_IDENTITY = "iPhone Developer";
				COPY_PHASE_STRIP = NO;
				DEBUG_INFORMATION_FORMAT = "dwarf-with-dsym";
				ENABLE_NS_ASSERTIONS = NO;
				ENABLE_STRICT_OBJC_MSGSEND = YES;
				GCC_C_LANGUAGE_STANDARD = gnu11;
				GCC_NO_COMMON_BLOCKS = YES;
				GCC_WARN_64_TO_32_BIT_CONVERSION = YES;
				GCC_WARN_ABOUT_RETURN_TYPE = YES_ERROR;
				GCC_WARN_UNDECLARED_SELECTOR = YES;
				GCC_WARN_UNINITIALIZED_AUTOS = YES_AGGRESSIVE;
				GCC_WARN_UNUSED_FUNCTION = YES;
				GCC_WARN_UNUSED_VARIABLE = YES;
				IPHONEOS_DEPLOYMENT_TARGET = 11.1;
				MTL_ENABLE_DEBUG_INFO = NO;
				SDKROOT = iphoneos;
				VALIDATE_PRODUCT = YES;
			};
			name = Release;
		};
		F0E10EF41FC278A500289BF2 /* Debug */ = {
			isa = XCBuildConfiguration;
			buildSettings = {
				ASSETCATALOG_COMPILER_APPICON_NAME = AppIcon;
				CODE_SIGN_STYLE = Automatic;
				DEVELOPMENT_TEAM = WN2JX495T5;
				INFOPLIST_FILE = "单例类/Info.plist";
				LD_RUNPATH_SEARCH_PATHS = "$(inherited) @executable_path/Frameworks";
				PRODUCT_BUNDLE_IDENTIFIER = "com.lexiangqiaobao.www.---";
				PRODUCT_NAME = "$(TARGET_NAME)";
				TARGETED_DEVICE_FAMILY = "1,2";
			};
			name = Debug;
		};
		F0E10EF51FC278A500289BF2 /* Release */ = {
			isa = XCBuildConfiguration;
			buildSettings = {
				ASSETCATALOG_COMPILER_APPICON_NAME = AppIcon;
				CODE_SIGN_STYLE = Automatic;
				DEVELOPMENT_TEAM = WN2JX495T5;
				INFOPLIST_FILE = "单例类/Info.plist";
				LD_RUNPATH_SEARCH_PATHS = "$(inherited) @executable_path/Frameworks";
				PRODUCT_BUNDLE_IDENTIFIER = "com.lexiangqiaobao.www.---";
				PRODUCT_NAME = "$(TARGET_NAME)";
				TARGETED_DEVICE_FAMILY = "1,2";
			};
			name = Release;
		};
		F0E10EF71FC278A500289BF2 /* Debug */ = {
			isa = XCBuildConfiguration;
			buildSettings = {
				BUNDLE_LOADER = "$(TEST_HOST)";
				CODE_SIGN_STYLE = Automatic;
				DEVELOPMENT_TEAM = WN2JX495T5;
				INFOPLIST_FILE = "单例类Tests/Info.plist";
				LD_RUNPATH_SEARCH_PATHS = "$(inherited) @executable_path/Frameworks @loader_path/Frameworks";
				PRODUCT_BUNDLE_IDENTIFIER = "com.lexiangqiaobao.www.---Tests";
				PRODUCT_NAME = "$(TARGET_NAME)";
				TARGETED_DEVICE_FAMILY = "1,2";
				TEST_HOST = "$(BUILT_PRODUCTS_DIR)/单例类.app/单例类";
			};
			name = Debug;
		};
		F0E10EF81FC278A500289BF2 /* Release */ = {
			isa = XCBuildConfiguration;
			buildSettings = {
				BUNDLE_LOADER = "$(TEST_HOST)";
				CODE_SIGN_STYLE = Automatic;
				DEVELOPMENT_TEAM = WN2JX495T5;
				INFOPLIST_FILE = "单例类Tests/Info.plist";
				LD_RUNPATH_SEARCH_PATHS = "$(inherited) @executable_path/Frameworks @loader_path/Frameworks";
				PRODUCT_BUNDLE_IDENTIFIER = "com.lexiangqiaobao.www.---Tests";
				PRODUCT_NAME = "$(TARGET_NAME)";
				TARGETED_DEVICE_FAMILY = "1,2";
				TEST_HOST = "$(BUILT_PRODUCTS_DIR)/单例类.app/单例类";
			};
			name = Release;
		};
		F0E10EFA1FC278A500289BF2 /* Debug */ = {
			isa = XCBuildConfiguration;
			buildSettings = {
				CODE_SIGN_STYLE = Automatic;
				DEVELOPMENT_TEAM = WN2JX495T5;
				INFOPLIST_FILE = "单例类UITests/Info.plist";
				LD_RUNPATH_SEARCH_PATHS = "$(inherited) @executable_path/Frameworks @loader_path/Frameworks";
				PRODUCT_BUNDLE_IDENTIFIER = "com.lexiangqiaobao.www.---UITests";
				PRODUCT_NAME = "$(TARGET_NAME)";
				TARGETED_DEVICE_FAMILY = "1,2";
				TEST_TARGET_NAME = "单例类";
			};
			name = Debug;
		};
		F0E10EFB1FC278A500289BF2 /* Release */ = {
			isa = XCBuildConfiguration;
			buildSettings = {
				CODE_SIGN_STYLE = Automatic;
				DEVELOPMENT_TEAM = WN2JX495T5;
				INFOPLIST_FILE = "单例类UITests/Info.plist";
				LD_RUNPATH_SEARCH_PATHS = "$(inherited) @executable_path/Frameworks @loader_path/Frameworks";
				PRODUCT_BUNDLE_IDENTIFIER = "com.lexiangqiaobao.www.---UITests";
				PRODUCT_NAME = "$(TARGET_NAME)";
				TARGETED_DEVICE_FAMILY = "1,2";
				TEST_TARGET_NAME = "单例类";
			};
			name = Release;
		};
/* End XCBuildConfiguration section */

/* Begin XCConfigurationList section */
		F0E10EC21FC278A500289BF2 /* Build configuration list for PBXProject "单例类" */ = {
			isa = XCConfigurationList;
			buildConfigurations = (
				F0E10EF11FC278A500289BF2 /* Debug */,
				F0E10EF21FC278A500289BF2 /* Release */,
			);
			defaultConfigurationIsVisible = 0;
			defaultConfigurationName = Release;
		};
		F0E10EF31FC278A500289BF2 /* Build configuration list for PBXNativeTarget "单例类" */ = {
			isa = XCConfigurationList;
			buildConfigurations = (
				F0E10EF41FC278A500289BF2 /* Debug */,
				F0E10EF51FC278A500289BF2 /* Release */,
			);
			defaultConfigurationIsVisible = 0;
			defaultConfigurationName = Release;
		};
		F0E10EF61FC278A500289BF2 /* Build configuration list for PBXNativeTarget "单例类Tests" */ = {
			isa = XCConfigurationList;
			buildConfigurations = (
				F0E10EF71FC278A500289BF2 /* Debug */,
				F0E10EF81FC278A500289BF2 /* Release */,
			);
			defaultConfigurationIsVisible = 0;
			defaultConfigurationName = Release;
		};
		F0E10EF91FC278A500289BF2 /* Build configuration list for PBXNativeTarget "单例类UITests" */ = {
			isa = XCConfigurationList;
			buildConfigurations = (
				F0E10EFA1FC278A500289BF2 /* Debug */,
				F0E10EFB1FC278A500289BF2 /* Release */,
			);
			defaultConfigurationIsVisible = 0;
			defaultConfigurationName = Release;
		};
/* End XCConfigurationList section */
	};
	rootObject = F0E10EBF1FC278A500289BF2 /* Project object */;
}
